
Microsoft Visual Studio Solution File, Format Version 12.00
# Visual Studio 15
VisualStudioVersion = 15.0.28010.2036
MinimumVisualStudioVersion = 10.0.40219.1
Project("{FAE04EC0-301F-11D3-BF4B-00C04F79EFBC}") = "BookingWeb", "BookingWeb\BookingWeb.csproj", "{19D9D09A-A355-4C72-8216-EE0750B586EF}"
EndProject
Project("{FAE04EC0-301F-11D3-BF4B-00C04F79EFBC}") = "Booking.Models", "Booking.Models\Booking.Models.csproj", "{7F1F0B9D-F301-4D1A-85E2-EB7546D91938}"
EndProject
Project("{FAE04EC0-301F-11D3-BF4B-00C04F79EFBC}") = "Booking.DataAccess", "Booking.DataAccess\Booking.DataAccess.csproj", "{AC877E4B-6142-4A08-AE8F-92DA3C756FD8}"
EndProject
Global
	GlobalSection(SolutionConfigurationPlatforms) = preSolution
		Debug|Any CPU = Debug|Any CPU
		Release|Any CPU = Release|Any CPU
	EndGlobalSection
	GlobalSection(ProjectConfigurationPlatforms) = postSolution
		{19D9D09A-A355-4C72-8216-EE0750B586EF}.Debug|Any CPU.ActiveCfg = Debug|Any CPU
		{19D9D09A-A355-4C72-8216-EE0750B586EF}.Debug|Any CPU.Build.0 = Debug|Any CPU
		{19D9D09A-A355-4C72-8216-EE0750B586EF}.Release|Any CPU.ActiveCfg = Release|Any CPU
		{19D9D09A-A355-4C72-8216-EE0750B586EF}.Release|Any CPU.Build.0 = Release|Any CPU
		{7F1F0B9D-F301-4D1A-85E2-EB7546D91938}.Debug|Any CPU.ActiveCfg = Debug|Any CPU
		{7F1F0B9D-F301-4D1A-85E2-EB7546D91938}.Debug|Any CPU.Build.0 = Debug|Any CPU
		{7F1F0B9D-F301-4D1A-85E2-EB7546D91938}.Release|Any CPU.ActiveCfg = Release|Any CPU
		{7F1F0B9D-F301-4D1A-85E2-EB7546D91938}.Release|Any CPU.Build.0 = Release|Any CPU
		{AC877E4B-6142-4A08-AE8F-92DA3C756FD8}.Debug|Any CPU.ActiveCfg = Debug|Any CPU
		{AC877E4B-6142-4A08-AE8F-92DA3C756FD8}.Debug|Any CPU.Build.0 = Debug|Any CPU
		{AC877E4B-6142-4A08-AE8F-92DA3C756FD8}.Release|Any CPU.ActiveCfg = Release|Any CPU
		{AC877E4B-6142-4A08-AE8F-92DA3C756FD8}.Release|Any CPU.Build.0 = Release|Any CPU
	EndGlobalSection
	GlobalSection(SolutionProperties) = preSolution
		HideSolutionNode = FALSE
	EndGlobalSection
	GlobalSection(ExtensibilityGlobals) = postSolution
		SolutionGuid = {550C162D-836E-489F-AF82-D3B7DCE064BC}
	EndGlobalSection
EndGlobal
